
Microsoft Visual Studio Solution File, Format Version 12.00
# Visual Studio Version 17
VisualStudioVersion = 17.7.34031.279
MinimumVisualStudioVersion = 10.0.40219.1
Project("{9A19103F-16F7-4668-BE54-9A1E7A4F7556}") = "TraversalCore", "TraversalCore\TraversalCore.csproj", "{E3DFBC83-2378-492A-9BF6-01F7DAC9C3AA}"
EndProject
Project("{9A19103F-16F7-4668-BE54-9A1E7A4F7556}") = "EntityLayer", "EntityLayer\EntityLayer.csproj", "{80FA3894-9D62-4F41-8FD4-52A53C3DBC4D}"
EndProject
Project("{9A19103F-16F7-4668-BE54-9A1E7A4F7556}") = "DataAccessLayer", "DataAccessLayer\DataAccessLayer.csproj", "{9D5F8B55-D954-4967-8285-0CB18095FD19}"
EndProject
Project("{9A19103F-16F7-4668-BE54-9A1E7A4F7556}") = "BusinessLayer", "BusinessLayer\BusinessLayer.csproj", "{032A085A-CB52-4833-8758-1A29664FCEA8}"
EndProject
Project("{9A19103F-16F7-4668-BE54-9A1E7A4F7556}") = "DTOLayer", "DTOLayer\DTOLayer.csproj", "{0DE87874-3567-4DF5-96D9-A39AC8EDFECB}"
EndProject
Project("{9A19103F-16F7-4668-BE54-9A1E7A4F7556}") = "TraversalApiProject", "TraversalApiProject\TraversalApiProject.csproj", "{F5198E90-54CB-4658-96A5-863FEC5BDB52}"
EndProject
Project("{FAE04EC0-301F-11D3-BF4B-00C04F79EFBC}") = "SignalRApi", "SignalRApi\SignalRApi.csproj", "{C3B93E40-CC30-40FD-9D9E-14E70A7B6F1D}"
EndProject
Project("{FAE04EC0-301F-11D3-BF4B-00C04F79EFBC}") = "SignalRConsume", "SignalRConsume\SignalRConsume.csproj", "{DD4AC25D-8828-46A0-B17D-0821F80D3B65}"
EndProject
Project("{FAE04EC0-301F-11D3-BF4B-00C04F79EFBC}") = "SignalRApiForSql", "SignalRApiForSql\SignalRApiForSql.csproj", "{BBDA2236-53BA-40AA-BDA2-4DA1B3F043A7}"
EndProject
Global
	GlobalSection(SolutionConfigurationPlatforms) = preSolution
		Debug|Any CPU = Debug|Any CPU
		Release|Any CPU = Release|Any CPU
	EndGlobalSection
	GlobalSection(ProjectConfigurationPlatforms) = postSolution
		{E3DFBC83-2378-492A-9BF6-01F7DAC9C3AA}.Debug|Any CPU.ActiveCfg = Debug|Any CPU
		{E3DFBC83-2378-492A-9BF6-01F7DAC9C3AA}.Debug|Any CPU.Build.0 = Debug|Any CPU
		{E3DFBC83-2378-492A-9BF6-01F7DAC9C3AA}.Release|Any CPU.ActiveCfg = Release|Any CPU
		{E3DFBC83-2378-492A-9BF6-01F7DAC9C3AA}.Release|Any CPU.Build.0 = Release|Any CPU
		{80FA3894-9D62-4F41-8FD4-52A53C3DBC4D}.Debug|Any CPU.ActiveCfg = Debug|Any CPU
		{80FA3894-9D62-4F41-8FD4-52A53C3DBC4D}.Debug|Any CPU.Build.0 = Debug|Any CPU
		{80FA3894-9D62-4F41-8FD4-52A53C3DBC4D}.Release|Any CPU.ActiveCfg = Release|Any CPU
		{80FA3894-9D62-4F41-8FD4-52A53C3DBC4D}.Release|Any CPU.Build.0 = Release|Any CPU
		{9D5F8B55-D954-4967-8285-0CB18095FD19}.Debug|Any CPU.ActiveCfg = Debug|Any CPU
		{9D5F8B55-D954-4967-8285-0CB18095FD19}.Debug|Any CPU.Build.0 = Debug|Any CPU
		{9D5F8B55-D954-4967-8285-0CB18095FD19}.Release|Any CPU.ActiveCfg = Release|Any CPU
		{9D5F8B55-D954-4967-8285-0CB18095FD19}.Release|Any CPU.Build.0 = Release|Any CPU
		{032A085A-CB52-4833-8758-1A29664FCEA8}.Debug|Any CPU.ActiveCfg = Debug|Any CPU
		{032A085A-CB52-4833-8758-1A29664FCEA8}.Debug|Any CPU.Build.0 = Debug|Any CPU
		{032A085A-CB52-4833-8758-1A29664FCEA8}.Release|Any CPU.ActiveCfg = Release|Any CPU
		{032A085A-CB52-4833-8758-1A29664FCEA8}.Release|Any CPU.Build.0 = Release|Any CPU
		{0DE87874-3567-4DF5-96D9-A39AC8EDFECB}.Debug|Any CPU.ActiveCfg = Debug|Any CPU
		{0DE87874-3567-4DF5-96D9-A39AC8EDFECB}.Debug|Any CPU.Build.0 = Debug|Any CPU
		{0DE87874-3567-4DF5-96D9-A39AC8EDFECB}.Release|Any CPU.ActiveCfg = Release|Any CPU
		{0DE87874-3567-4DF5-96D9-A39AC8EDFECB}.Release|Any CPU.Build.0 = Release|Any CPU
		{F5198E90-54CB-4658-96A5-863FEC5BDB52}.Debug|Any CPU.ActiveCfg = Debug|Any CPU
		{F5198E90-54CB-4658-96A5-863FEC5BDB52}.Debug|Any CPU.Build.0 = Debug|Any CPU
		{F5198E90-54CB-4658-96A5-863FEC5BDB52}.Release|Any CPU.ActiveCfg = Release|Any CPU
		{F5198E90-54CB-4658-96A5-863FEC5BDB52}.Release|Any CPU.Build.0 = Release|Any CPU
		{C3B93E40-CC30-40FD-9D9E-14E70A7B6F1D}.Debug|Any CPU.ActiveCfg = Debug|Any CPU
		{C3B93E40-CC30-40FD-9D9E-14E70A7B6F1D}.Debug|Any CPU.Build.0 = Debug|Any CPU
		{C3B93E40-CC30-40FD-9D9E-14E70A7B6F1D}.Release|Any CPU.ActiveCfg = Release|Any CPU
		{C3B93E40-CC30-40FD-9D9E-14E70A7B6F1D}.Release|Any CPU.Build.0 = Release|Any CPU
		{DD4AC25D-8828-46A0-B17D-0821F80D3B65}.Debug|Any CPU.ActiveCfg = Debug|Any CPU
		{DD4AC25D-8828-46A0-B17D-0821F80D3B65}.Debug|Any CPU.Build.0 = Debug|Any CPU
		{DD4AC25D-8828-46A0-B17D-0821F80D3B65}.Release|Any CPU.ActiveCfg = Release|Any CPU
		{DD4AC25D-8828-46A0-B17D-0821F80D3B65}.Release|Any CPU.Build.0 = Release|Any CPU
		{BBDA2236-53BA-40AA-BDA2-4DA1B3F043A7}.Debug|Any CPU.ActiveCfg = Debug|Any CPU
		{BBDA2236-53BA-40AA-BDA2-4DA1B3F043A7}.Debug|Any CPU.Build.0 = Debug|Any CPU
		{BBDA2236-53BA-40AA-BDA2-4DA1B3F043A7}.Release|Any CPU.ActiveCfg = Release|Any CPU
		{BBDA2236-53BA-40AA-BDA2-4DA1B3F043A7}.Release|Any CPU.Build.0 = Release|Any CPU
	EndGlobalSection
	GlobalSection(SolutionProperties) = preSolution
		HideSolutionNode = FALSE
	EndGlobalSection
	GlobalSection(ExtensibilityGlobals) = postSolution
		SolutionGuid = {C100B81F-D9FB-47C4-B717-1D3D63B4AE04}
	EndGlobalSection
EndGlobal
